Microsoft Visual Studio Solution File, Format Version 11.00
# Visual Studio 2008

Project("{05C133AB-0AAE-67C1-1312-4D8759686763}") = "UnityYGM-master", "Assembly-CSharp-firstpass-vs.csproj", "{B98A9648-BEE7-2BEB-1D98-DB3AC34350C6}"
EndProject
Project("{05C133AB-0AAE-67C1-1312-4D8759686763}") = "UnityYGM-master", "Assembly-CSharp-vs.csproj", "{D73CEBE0-14E7-AF86-A225-6BF86C1C8AFD}"
EndProject
Project("{05C133AB-0AAE-67C1-1312-4D8759686763}") = "UnityYGM-master", "Assembly-CSharp-Editor-vs.csproj", "{1784A534-EFEC-02CD-E482-ED2183A41794}"
EndProject
Global
	GlobalSection(SolutionConfigurationPlatforms) = preSolution
		Debug|Any CPU = Debug|Any CPU
		Release|Any CPU = Release|Any CPU
	EndGlobalSection
	GlobalSection(ProjectConfigurationPlatforms) = postSolution
		{B98A9648-BEE7-2BEB-1D98-DB3AC34350C6}.Debug|Any CPU.ActiveCfg = Debug|Any CPU
		{B98A9648-BEE7-2BEB-1D98-DB3AC34350C6}.Debug|Any CPU.Build.0 = Debug|Any CPU
		{B98A9648-BEE7-2BEB-1D98-DB3AC34350C6}.Release|Any CPU.ActiveCfg = Release|Any CPU
		{B98A9648-BEE7-2BEB-1D98-DB3AC34350C6}.Release|Any CPU.Build.0 = Release|Any CPU
		{D73CEBE0-14E7-AF86-A225-6BF86C1C8AFD}.Debug|Any CPU.ActiveCfg = Debug|Any CPU
		{D73CEBE0-14E7-AF86-A225-6BF86C1C8AFD}.Debug|Any CPU.Build.0 = Debug|Any CPU
		{D73CEBE0-14E7-AF86-A225-6BF86C1C8AFD}.Release|Any CPU.ActiveCfg = Release|Any CPU
		{D73CEBE0-14E7-AF86-A225-6BF86C1C8AFD}.Release|Any CPU.Build.0 = Release|Any CPU
		{1784A534-EFEC-02CD-E482-ED2183A41794}.Debug|Any CPU.ActiveCfg = Debug|Any CPU
		{1784A534-EFEC-02CD-E482-ED2183A41794}.Debug|Any CPU.Build.0 = Debug|Any CPU
		{1784A534-EFEC-02CD-E482-ED2183A41794}.Release|Any CPU.ActiveCfg = Release|Any CPU
		{1784A534-EFEC-02CD-E482-ED2183A41794}.Release|Any CPU.Build.0 = Release|Any CPU
	EndGlobalSection
	GlobalSection(SolutionProperties) = preSolution
		HideSolutionNode = FALSE
	EndGlobalSection
									GlobalSection(MonoDevelopProperties) = preSolution
		StartupItem = Assembly-CSharp.csproj
		Policies = $0
		$0.TextStylePolicy = $1
		$1.inheritsSet = null
		$1.scope = text/x-csharp
		$0.CSharpFormattingPolicy = $2
		$2.inheritsSet = Mono
		$2.inheritsScope = text/x-csharp
		$2.scope = text/x-csharp
		$0.TextStylePolicy = $3
		$3.FileWidth = 120
		$3.TabWidth = 4
		$3.IndentWidth = 4
		$3.EolMarker = Unix
		$3.inheritsSet = Mono
		$3.inheritsScope = text/plain
		$3.scope = text/plain
	EndGlobalSection

EndGlobal
